
Microsoft Visual Studio Solution File, Format Version 12.00
# Visual Studio Version 17
VisualStudioVersion = 17.14.36518.9 d17.14
MinimumVisualStudioVersion = 10.0.40219.1
Project("{7CF6DF6D-3B04-46F8-A40B-537D21BCA0B4}") = "Help", "Help.shfbproj", "{6136E592-5D7B-47DF-AF9B-B123A3D52D0A}"
EndProject
Global
	GlobalSection(SolutionConfigurationPlatforms) = preSolution
		Debug|Any CPU = Debug|Any CPU
		Release|Any CPU = Release|Any CPU
	EndGlobalSection
	GlobalSection(ProjectConfigurationPlatforms) = postSolution
		{6136E592-5D7B-47DF-AF9B-B123A3D52D0A}.Debug|Any CPU.ActiveCfg = Debug|Any CPU
		{6136E592-5D7B-47DF-AF9B-B123A3D52D0A}.Debug|Any CPU.Build.0 = Debug|Any CPU
		{6136E592-5D7B-47DF-AF9B-B123A3D52D0A}.Release|Any CPU.ActiveCfg = Release|Any CPU
		{6136E592-5D7B-47DF-AF9B-B123A3D52D0A}.Release|Any CPU.Build.0 = Release|Any CPU
	EndGlobalSection
	GlobalSection(SolutionProperties) = preSolution
		HideSolutionNode = FALSE
	EndGlobalSection
	GlobalSection(ExtensibilityGlobals) = postSolution
		SolutionGuid = {F041FDDF-1D54-46B0-A5DB-4F75BD6F4115}
	EndGlobalSection
EndGlobal
